
Microsoft Visual Studio Solution File, Format Version 12.00
# Visual Studio 2013
VisualStudioVersion = 12.0.30723.0
MinimumVisualStudioVersion = 10.0.40219.1
Project("{FAE04EC0-301F-11D3-BF4B-00C04F79EFBC}") = "KillrVideo", "KillrVideo\KillrVideo.csproj", "{9254D795-86D8-4C9A-9273-0836CFA171DE}"
EndProject
Project("{FAE04EC0-301F-11D3-BF4B-00C04F79EFBC}") = "KillrVideo.Data", "KillrVideo.Data\KillrVideo.Data.csproj", "{5C6E3BC7-5341-4F57-A310-8559D14A0B20}"
EndProject
Project("{2150E333-8FDC-42A3-9474-1A3956D46DE8}") = ".nuget", ".nuget", "{A5939168-C879-4C7E-90AB-F4040C8D0ED8}"
	ProjectSection(SolutionItems) = preProject
		.nuget\NuGet.Config = .nuget\NuGet.Config
		.nuget\NuGet.exe = .nuget\NuGet.exe
		.nuget\NuGet.targets = .nuget\NuGet.targets
	EndProjectSection
EndProject
Project("{FAE04EC0-301F-11D3-BF4B-00C04F79EFBC}") = "KillrVideo.SampleDataLoader", "KillrVideo.SampleDataLoader\KillrVideo.SampleDataLoader.csproj", "{1089C94B-D1C9-41B8-9CBB-F80C1E4212C4}"
EndProject
Project("{2150E333-8FDC-42A3-9474-1A3956D46DE8}") = "AzureDeployment", "AzureDeployment", "{7F522B93-73F2-4093-AED8-9E674CB0604D}"
EndProject
Project("{CC5FD16D-436D-48AD-A40C-5A424C6E3E79}") = "KillrVideo.Azure", "KillrVideo.Azure\KillrVideo.Azure.ccproj", "{EC94EB0B-D11C-460A-B64B-64C09596C8A3}"
EndProject
Project("{FAE04EC0-301F-11D3-BF4B-00C04F79EFBC}") = "KillrVideo.UploadWorker", "KillrVideo.UploadWorker\KillrVideo.UploadWorker.csproj", "{CCCCD9DB-0C47-4F44-80A2-34326992F025}"
EndProject
Project("{2150E333-8FDC-42A3-9474-1A3956D46DE8}") = "Utility Apps", "Utility Apps", "{CF4D0F5E-3A5C-4577-A2FC-4D6A9A896524}"
EndProject
Global
	GlobalSection(SolutionConfigurationPlatforms) = preSolution
		Debug|Any CPU = Debug|Any CPU
		Release|Any CPU = Release|Any CPU
	EndGlobalSection
	GlobalSection(ProjectConfigurationPlatforms) = postSolution
		{9254D795-86D8-4C9A-9273-0836CFA171DE}.Debug|Any CPU.ActiveCfg = Debug|Any CPU
		{9254D795-86D8-4C9A-9273-0836CFA171DE}.Debug|Any CPU.Build.0 = Debug|Any CPU
		{9254D795-86D8-4C9A-9273-0836CFA171DE}.Release|Any CPU.ActiveCfg = Release|Any CPU
		{9254D795-86D8-4C9A-9273-0836CFA171DE}.Release|Any CPU.Build.0 = Release|Any CPU
		{5C6E3BC7-5341-4F57-A310-8559D14A0B20}.Debug|Any CPU.ActiveCfg = Debug|Any CPU
		{5C6E3BC7-5341-4F57-A310-8559D14A0B20}.Debug|Any CPU.Build.0 = Debug|Any CPU
		{5C6E3BC7-5341-4F57-A310-8559D14A0B20}.Release|Any CPU.ActiveCfg = Release|Any CPU
		{5C6E3BC7-5341-4F57-A310-8559D14A0B20}.Release|Any CPU.Build.0 = Release|Any CPU
		{1089C94B-D1C9-41B8-9CBB-F80C1E4212C4}.Debug|Any CPU.ActiveCfg = Debug|Any CPU
		{1089C94B-D1C9-41B8-9CBB-F80C1E4212C4}.Debug|Any CPU.Build.0 = Debug|Any CPU
		{1089C94B-D1C9-41B8-9CBB-F80C1E4212C4}.Release|Any CPU.ActiveCfg = Release|Any CPU
		{1089C94B-D1C9-41B8-9CBB-F80C1E4212C4}.Release|Any CPU.Build.0 = Release|Any CPU
		{EC94EB0B-D11C-460A-B64B-64C09596C8A3}.Debug|Any CPU.ActiveCfg = Debug|Any CPU
		{EC94EB0B-D11C-460A-B64B-64C09596C8A3}.Debug|Any CPU.Build.0 = Debug|Any CPU
		{EC94EB0B-D11C-460A-B64B-64C09596C8A3}.Release|Any CPU.ActiveCfg = Release|Any CPU
		{EC94EB0B-D11C-460A-B64B-64C09596C8A3}.Release|Any CPU.Build.0 = Release|Any CPU
		{CCCCD9DB-0C47-4F44-80A2-34326992F025}.Debug|Any CPU.ActiveCfg = Debug|Any CPU
		{CCCCD9DB-0C47-4F44-80A2-34326992F025}.Debug|Any CPU.Build.0 = Debug|Any CPU
		{CCCCD9DB-0C47-4F44-80A2-34326992F025}.Release|Any CPU.ActiveCfg = Release|Any CPU
		{CCCCD9DB-0C47-4F44-80A2-34326992F025}.Release|Any CPU.Build.0 = Release|Any CPU
	EndGlobalSection
	GlobalSection(SolutionProperties) = preSolution
		HideSolutionNode = FALSE
	EndGlobalSection
	GlobalSection(NestedProjects) = preSolution
		{1089C94B-D1C9-41B8-9CBB-F80C1E4212C4} = {CF4D0F5E-3A5C-4577-A2FC-4D6A9A896524}
		{EC94EB0B-D11C-460A-B64B-64C09596C8A3} = {7F522B93-73F2-4093-AED8-9E674CB0604D}
	EndGlobalSection
	GlobalSection(ExtensibilityGlobals) = postSolution
		EnterpriseLibraryConfigurationToolBinariesPath = packages\TransientFaultHandling.Core.5.1.1209.1\lib\NET4
	EndGlobalSection
EndGlobal
