
Microsoft Visual Studio Solution File, Format Version 12.00
# Visual Studio 14
VisualStudioVersion = 14.0.25123.0
MinimumVisualStudioVersion = 10.0.40219.1
Project("{FAE04EC0-301F-11D3-BF4B-00C04F79EFBC}") = "KillrVideo.VideoCatalog", "KillrVideo.VideoCatalog\KillrVideo.VideoCatalog.csproj", "{89CE1D0D-12D7-42CE-A407-1C92C8FF4645}"
EndProject
Project("{FAE04EC0-301F-11D3-BF4B-00C04F79EFBC}") = "KillrVideo.Ratings", "KillrVideo.Ratings\KillrVideo.Ratings.csproj", "{C054A489-A037-49E5-8461-546CD61817EB}"
EndProject
Project("{FAE04EC0-301F-11D3-BF4B-00C04F79EFBC}") = "KillrVideo.UserManagement", "KillrVideo.UserManagement\KillrVideo.UserManagement.csproj", "{5FCF1C36-ED2A-4BF0-B231-B12506210F6D}"
EndProject
Project("{FAE04EC0-301F-11D3-BF4B-00C04F79EFBC}") = "KillrVideo.Search", "KillrVideo.Search\KillrVideo.Search.csproj", "{3DA30C11-33C7-4EE8-AA9E-C18A9483EFCA}"
EndProject
Project("{FAE04EC0-301F-11D3-BF4B-00C04F79EFBC}") = "KillrVideo.Statistics", "KillrVideo.Statistics\KillrVideo.Statistics.csproj", "{D7E26BCF-316D-431E-B448-DBC54CB17B4F}"
EndProject
Project("{FAE04EC0-301F-11D3-BF4B-00C04F79EFBC}") = "KillrVideo.Uploads", "KillrVideo.Uploads\KillrVideo.Uploads.csproj", "{249AC1EB-7035-4E88-A311-C683E049A0EA}"
EndProject
Project("{2150E333-8FDC-42A3-9474-1A3956D46DE8}") = "Services", "Services", "{B70BBD28-B0F5-4642-B08A-3BA9C0D103AD}"
EndProject
Project("{FAE04EC0-301F-11D3-BF4B-00C04F79EFBC}") = "KillrVideo.Comments", "KillrVideo.Comments\KillrVideo.Comments.csproj", "{37BB374E-2E30-4F9D-8F1D-6982116A07B0}"
EndProject
Project("{FAE04EC0-301F-11D3-BF4B-00C04F79EFBC}") = "KillrVideo.SuggestedVideos", "KillrVideo.SuggestedVideos\KillrVideo.SuggestedVideos.csproj", "{846E5D96-7F24-4CAA-8DDE-90F36DAE7E06}"
EndProject
Project("{FAE04EC0-301F-11D3-BF4B-00C04F79EFBC}") = "KillrVideo.SampleData", "KillrVideo.SampleData\KillrVideo.SampleData.csproj", "{F7088371-8ED3-4827-B15A-05F598C27399}"
EndProject
Project("{2150E333-8FDC-42A3-9474-1A3956D46DE8}") = ".build", ".build", "{B35E0A26-3D33-4058-8205-032B1E8D74DA}"
	ProjectSection(SolutionItems) = preProject
		..\build\CompileProtos.bat = ..\build\CompileProtos.bat
		..\build\CompileProtos.proj = ..\build\CompileProtos.proj
		..\build\CreateEnvFile.ps1 = ..\build\CreateEnvFile.ps1
		..\build\Protobuf.targets = ..\build\Protobuf.targets
	EndProjectSection
EndProject
Project("{FAE04EC0-301F-11D3-BF4B-00C04F79EFBC}") = "KillrVideo.Protobuf", "KillrVideo.Protobuf\KillrVideo.Protobuf.csproj", "{4A41C0C8-6A27-4728-B596-B64227A26FB6}"
EndProject
Project("{2150E333-8FDC-42A3-9474-1A3956D46DE8}") = "Common", "Common", "{E733F240-AAC1-42B4-9EFE-0AB822C31BD9}"
EndProject
Project("{FAE04EC0-301F-11D3-BF4B-00C04F79EFBC}") = "KillrVideo.MessageBus", "KillrVideo.MessageBus\KillrVideo.MessageBus.csproj", "{9A8C1794-CEC4-4670-AF3E-E3CD83881E8E}"
EndProject
Project("{FAE04EC0-301F-11D3-BF4B-00C04F79EFBC}") = "KillrVideo", "KillrVideo\KillrVideo.csproj", "{F0683BB1-9E47-4CC0-8780-E87AEF6ADC48}"
EndProject
Project("{FAE04EC0-301F-11D3-BF4B-00C04F79EFBC}") = "KillrVideo.Cassandra", "KillrVideo.Cassandra\KillrVideo.Cassandra.csproj", "{FFE7DA21-41A2-436B-9E4D-C036DBF33D62}"
EndProject
Project("{FAE04EC0-301F-11D3-BF4B-00C04F79EFBC}") = "KillrVideo.Host", "KillrVideo.Host\KillrVideo.Host.csproj", "{98070BE4-E3EB-4703-81D3-277A6C08721C}"
EndProject
Project("{2150E333-8FDC-42A3-9474-1A3956D46DE8}") = ".scripts", ".scripts", "{0A65944B-04D6-4C30-A5B4-7ADD5EF37C45}"
	ProjectSection(SolutionItems) = preProject
		..\scripts\git-subtree-pull.ps1 = ..\scripts\git-subtree-pull.ps1
	EndProjectSection
EndProject
Global
	GlobalSection(SolutionConfigurationPlatforms) = preSolution
		Debug|Any CPU = Debug|Any CPU
		Release|Any CPU = Release|Any CPU
	EndGlobalSection
	GlobalSection(ProjectConfigurationPlatforms) = postSolution
		{89CE1D0D-12D7-42CE-A407-1C92C8FF4645}.Debug|Any CPU.ActiveCfg = Debug|Any CPU
		{89CE1D0D-12D7-42CE-A407-1C92C8FF4645}.Debug|Any CPU.Build.0 = Debug|Any CPU
		{89CE1D0D-12D7-42CE-A407-1C92C8FF4645}.Release|Any CPU.ActiveCfg = Release|Any CPU
		{89CE1D0D-12D7-42CE-A407-1C92C8FF4645}.Release|Any CPU.Build.0 = Release|Any CPU
		{C054A489-A037-49E5-8461-546CD61817EB}.Debug|Any CPU.ActiveCfg = Debug|Any CPU
		{C054A489-A037-49E5-8461-546CD61817EB}.Debug|Any CPU.Build.0 = Debug|Any CPU
		{C054A489-A037-49E5-8461-546CD61817EB}.Release|Any CPU.ActiveCfg = Release|Any CPU
		{C054A489-A037-49E5-8461-546CD61817EB}.Release|Any CPU.Build.0 = Release|Any CPU
		{5FCF1C36-ED2A-4BF0-B231-B12506210F6D}.Debug|Any CPU.ActiveCfg = Debug|Any CPU
		{5FCF1C36-ED2A-4BF0-B231-B12506210F6D}.Debug|Any CPU.Build.0 = Debug|Any CPU
		{5FCF1C36-ED2A-4BF0-B231-B12506210F6D}.Release|Any CPU.ActiveCfg = Release|Any CPU
		{5FCF1C36-ED2A-4BF0-B231-B12506210F6D}.Release|Any CPU.Build.0 = Release|Any CPU
		{3DA30C11-33C7-4EE8-AA9E-C18A9483EFCA}.Debug|Any CPU.ActiveCfg = Debug|Any CPU
		{3DA30C11-33C7-4EE8-AA9E-C18A9483EFCA}.Debug|Any CPU.Build.0 = Debug|Any CPU
		{3DA30C11-33C7-4EE8-AA9E-C18A9483EFCA}.Release|Any CPU.ActiveCfg = Release|Any CPU
		{3DA30C11-33C7-4EE8-AA9E-C18A9483EFCA}.Release|Any CPU.Build.0 = Release|Any CPU
		{D7E26BCF-316D-431E-B448-DBC54CB17B4F}.Debug|Any CPU.ActiveCfg = Debug|Any CPU
		{D7E26BCF-316D-431E-B448-DBC54CB17B4F}.Debug|Any CPU.Build.0 = Debug|Any CPU
		{D7E26BCF-316D-431E-B448-DBC54CB17B4F}.Release|Any CPU.ActiveCfg = Release|Any CPU
		{D7E26BCF-316D-431E-B448-DBC54CB17B4F}.Release|Any CPU.Build.0 = Release|Any CPU
		{249AC1EB-7035-4E88-A311-C683E049A0EA}.Debug|Any CPU.ActiveCfg = Debug|Any CPU
		{249AC1EB-7035-4E88-A311-C683E049A0EA}.Debug|Any CPU.Build.0 = Debug|Any CPU
		{249AC1EB-7035-4E88-A311-C683E049A0EA}.Release|Any CPU.ActiveCfg = Release|Any CPU
		{249AC1EB-7035-4E88-A311-C683E049A0EA}.Release|Any CPU.Build.0 = Release|Any CPU
		{37BB374E-2E30-4F9D-8F1D-6982116A07B0}.Debug|Any CPU.ActiveCfg = Debug|Any CPU
		{37BB374E-2E30-4F9D-8F1D-6982116A07B0}.Debug|Any CPU.Build.0 = Debug|Any CPU
		{37BB374E-2E30-4F9D-8F1D-6982116A07B0}.Release|Any CPU.ActiveCfg = Release|Any CPU
		{37BB374E-2E30-4F9D-8F1D-6982116A07B0}.Release|Any CPU.Build.0 = Release|Any CPU
		{846E5D96-7F24-4CAA-8DDE-90F36DAE7E06}.Debug|Any CPU.ActiveCfg = Debug|Any CPU
		{846E5D96-7F24-4CAA-8DDE-90F36DAE7E06}.Debug|Any CPU.Build.0 = Debug|Any CPU
		{846E5D96-7F24-4CAA-8DDE-90F36DAE7E06}.Release|Any CPU.ActiveCfg = Release|Any CPU
		{846E5D96-7F24-4CAA-8DDE-90F36DAE7E06}.Release|Any CPU.Build.0 = Release|Any CPU
		{F7088371-8ED3-4827-B15A-05F598C27399}.Debug|Any CPU.ActiveCfg = Debug|Any CPU
		{F7088371-8ED3-4827-B15A-05F598C27399}.Debug|Any CPU.Build.0 = Debug|Any CPU
		{F7088371-8ED3-4827-B15A-05F598C27399}.Release|Any CPU.ActiveCfg = Release|Any CPU
		{F7088371-8ED3-4827-B15A-05F598C27399}.Release|Any CPU.Build.0 = Release|Any CPU
		{4A41C0C8-6A27-4728-B596-B64227A26FB6}.Debug|Any CPU.ActiveCfg = Debug|Any CPU
		{4A41C0C8-6A27-4728-B596-B64227A26FB6}.Debug|Any CPU.Build.0 = Debug|Any CPU
		{4A41C0C8-6A27-4728-B596-B64227A26FB6}.Release|Any CPU.ActiveCfg = Release|Any CPU
		{4A41C0C8-6A27-4728-B596-B64227A26FB6}.Release|Any CPU.Build.0 = Release|Any CPU
		{9A8C1794-CEC4-4670-AF3E-E3CD83881E8E}.Debug|Any CPU.ActiveCfg = Debug|Any CPU
		{9A8C1794-CEC4-4670-AF3E-E3CD83881E8E}.Debug|Any CPU.Build.0 = Debug|Any CPU
		{9A8C1794-CEC4-4670-AF3E-E3CD83881E8E}.Release|Any CPU.ActiveCfg = Release|Any CPU
		{9A8C1794-CEC4-4670-AF3E-E3CD83881E8E}.Release|Any CPU.Build.0 = Release|Any CPU
		{F0683BB1-9E47-4CC0-8780-E87AEF6ADC48}.Debug|Any CPU.ActiveCfg = Debug|Any CPU
		{F0683BB1-9E47-4CC0-8780-E87AEF6ADC48}.Debug|Any CPU.Build.0 = Debug|Any CPU
		{F0683BB1-9E47-4CC0-8780-E87AEF6ADC48}.Release|Any CPU.ActiveCfg = Release|Any CPU
		{F0683BB1-9E47-4CC0-8780-E87AEF6ADC48}.Release|Any CPU.Build.0 = Release|Any CPU
		{FFE7DA21-41A2-436B-9E4D-C036DBF33D62}.Debug|Any CPU.ActiveCfg = Debug|Any CPU
		{FFE7DA21-41A2-436B-9E4D-C036DBF33D62}.Debug|Any CPU.Build.0 = Debug|Any CPU
		{FFE7DA21-41A2-436B-9E4D-C036DBF33D62}.Release|Any CPU.ActiveCfg = Release|Any CPU
		{FFE7DA21-41A2-436B-9E4D-C036DBF33D62}.Release|Any CPU.Build.0 = Release|Any CPU
		{98070BE4-E3EB-4703-81D3-277A6C08721C}.Debug|Any CPU.ActiveCfg = Debug|Any CPU
		{98070BE4-E3EB-4703-81D3-277A6C08721C}.Debug|Any CPU.Build.0 = Debug|Any CPU
		{98070BE4-E3EB-4703-81D3-277A6C08721C}.Release|Any CPU.ActiveCfg = Release|Any CPU
		{98070BE4-E3EB-4703-81D3-277A6C08721C}.Release|Any CPU.Build.0 = Release|Any CPU
	EndGlobalSection
	GlobalSection(SolutionProperties) = preSolution
		HideSolutionNode = FALSE
	EndGlobalSection
	GlobalSection(NestedProjects) = preSolution
		{89CE1D0D-12D7-42CE-A407-1C92C8FF4645} = {B70BBD28-B0F5-4642-B08A-3BA9C0D103AD}
		{C054A489-A037-49E5-8461-546CD61817EB} = {B70BBD28-B0F5-4642-B08A-3BA9C0D103AD}
		{5FCF1C36-ED2A-4BF0-B231-B12506210F6D} = {B70BBD28-B0F5-4642-B08A-3BA9C0D103AD}
		{3DA30C11-33C7-4EE8-AA9E-C18A9483EFCA} = {B70BBD28-B0F5-4642-B08A-3BA9C0D103AD}
		{D7E26BCF-316D-431E-B448-DBC54CB17B4F} = {B70BBD28-B0F5-4642-B08A-3BA9C0D103AD}
		{249AC1EB-7035-4E88-A311-C683E049A0EA} = {B70BBD28-B0F5-4642-B08A-3BA9C0D103AD}
		{37BB374E-2E30-4F9D-8F1D-6982116A07B0} = {B70BBD28-B0F5-4642-B08A-3BA9C0D103AD}
		{846E5D96-7F24-4CAA-8DDE-90F36DAE7E06} = {B70BBD28-B0F5-4642-B08A-3BA9C0D103AD}
		{F7088371-8ED3-4827-B15A-05F598C27399} = {B70BBD28-B0F5-4642-B08A-3BA9C0D103AD}
		{4A41C0C8-6A27-4728-B596-B64227A26FB6} = {E733F240-AAC1-42B4-9EFE-0AB822C31BD9}
		{9A8C1794-CEC4-4670-AF3E-E3CD83881E8E} = {E733F240-AAC1-42B4-9EFE-0AB822C31BD9}
		{FFE7DA21-41A2-436B-9E4D-C036DBF33D62} = {E733F240-AAC1-42B4-9EFE-0AB822C31BD9}
		{98070BE4-E3EB-4703-81D3-277A6C08721C} = {E733F240-AAC1-42B4-9EFE-0AB822C31BD9}
	EndGlobalSection
	GlobalSection(ExtensibilityGlobals) = postSolution
		EnterpriseLibraryConfigurationToolBinariesPath = packages\TransientFaultHandling.Core.5.1.1209.1\lib\NET4
	EndGlobalSection
EndGlobal
