
Microsoft Visual Studio Solution File, Format Version 12.00
# Visual Studio 2013
VisualStudioVersion = 12.0.30723.0
MinimumVisualStudioVersion = 10.0.40219.1
Project("{FAE04EC0-301F-11D3-BF4B-00C04F79EFBC}") = "KillrVideo", "KillrVideo\KillrVideo.csproj", "{9254D795-86D8-4C9A-9273-0836CFA171DE}"
EndProject
Project("{2150E333-8FDC-42A3-9474-1A3956D46DE8}") = ".nuget", ".nuget", "{A5939168-C879-4C7E-90AB-F4040C8D0ED8}"
	ProjectSection(SolutionItems) = preProject
		.nuget\NuGet.Config = .nuget\NuGet.Config
		.nuget\NuGet.exe = .nuget\NuGet.exe
		.nuget\NuGet.targets = .nuget\NuGet.targets
	EndProjectSection
EndProject
Project("{FAE04EC0-301F-11D3-BF4B-00C04F79EFBC}") = "KillrVideo.SampleDataLoader", "KillrVideo.SampleDataLoader\KillrVideo.SampleDataLoader.csproj", "{1089C94B-D1C9-41B8-9CBB-F80C1E4212C4}"
EndProject
Project("{2150E333-8FDC-42A3-9474-1A3956D46DE8}") = "AzureDeployment", "AzureDeployment", "{7F522B93-73F2-4093-AED8-9E674CB0604D}"
EndProject
Project("{CC5FD16D-436D-48AD-A40C-5A424C6E3E79}") = "KillrVideo.Azure", "KillrVideo.Azure\KillrVideo.Azure.ccproj", "{EC94EB0B-D11C-460A-B64B-64C09596C8A3}"
EndProject
Project("{FAE04EC0-301F-11D3-BF4B-00C04F79EFBC}") = "KillrVideo.UploadWorker", "KillrVideo.UploadWorker\KillrVideo.UploadWorker.csproj", "{CCCCD9DB-0C47-4F44-80A2-34326992F025}"
EndProject
Project("{2150E333-8FDC-42A3-9474-1A3956D46DE8}") = "Utility Apps", "Utility Apps", "{CF4D0F5E-3A5C-4577-A2FC-4D6A9A896524}"
EndProject
Project("{FAE04EC0-301F-11D3-BF4B-00C04F79EFBC}") = "KillrVideo.VideoCatalog", "KillrVideo.VideoCatalog\KillrVideo.VideoCatalog.csproj", "{89CE1D0D-12D7-42CE-A407-1C92C8FF4645}"
EndProject
Project("{FAE04EC0-301F-11D3-BF4B-00C04F79EFBC}") = "KillrVideo.VideoCatalog.Messages", "KillrVideo.VideoCatalog.Messages\KillrVideo.VideoCatalog.Messages.csproj", "{A8DABF0A-03FE-4EA2-A1B3-FB5720A0B878}"
EndProject
Project("{FAE04EC0-301F-11D3-BF4B-00C04F79EFBC}") = "KillrVideo.Utils", "KillrVideo.Utils\KillrVideo.Utils.csproj", "{9516B3F3-89B7-4343-9F88-FFEE6D74FFFC}"
EndProject
Project("{FAE04EC0-301F-11D3-BF4B-00C04F79EFBC}") = "KillrVideo.Ratings", "KillrVideo.Ratings\KillrVideo.Ratings.csproj", "{C054A489-A037-49E5-8461-546CD61817EB}"
EndProject
Project("{FAE04EC0-301F-11D3-BF4B-00C04F79EFBC}") = "KillrVideo.Ratings.Messages", "KillrVideo.Ratings.Messages\KillrVideo.Ratings.Messages.csproj", "{2D0AEE43-129E-448B-96D1-9B68D0311584}"
EndProject
Project("{FAE04EC0-301F-11D3-BF4B-00C04F79EFBC}") = "KillrVideo.UserManagement", "KillrVideo.UserManagement\KillrVideo.UserManagement.csproj", "{5FCF1C36-ED2A-4BF0-B231-B12506210F6D}"
EndProject
Project("{FAE04EC0-301F-11D3-BF4B-00C04F79EFBC}") = "KillrVideo.UserManagement.Messages", "KillrVideo.UserManagement.Messages\KillrVideo.UserManagement.Messages.csproj", "{5B9A5088-45FC-44CB-8DAE-678CDFA82405}"
EndProject
Project("{FAE04EC0-301F-11D3-BF4B-00C04F79EFBC}") = "KillrVideo.Comments", "KillrVideo.Comments\KillrVideo.Comments.csproj", "{37BB374E-2E30-4F9D-8F1D-6982116A07B0}"
EndProject
Project("{FAE04EC0-301F-11D3-BF4B-00C04F79EFBC}") = "KillrVideo.Comments.Messages", "KillrVideo.Comments.Messages\KillrVideo.Comments.Messages.csproj", "{92B7EB7E-890C-4F34-87FE-8F3B15C77241}"
EndProject
Project("{FAE04EC0-301F-11D3-BF4B-00C04F79EFBC}") = "KillrVideo.Search", "KillrVideo.Search\KillrVideo.Search.csproj", "{3DA30C11-33C7-4EE8-AA9E-C18A9483EFCA}"
EndProject
Project("{FAE04EC0-301F-11D3-BF4B-00C04F79EFBC}") = "KillrVideo.SuggestedVideos", "KillrVideo.SuggestedVideos\KillrVideo.SuggestedVideos.csproj", "{33A7F88F-189D-435C-AADB-6D270E6BF3C5}"
EndProject
Project("{FAE04EC0-301F-11D3-BF4B-00C04F79EFBC}") = "KillrVideo.Statistics", "KillrVideo.Statistics\KillrVideo.Statistics.csproj", "{D7E26BCF-316D-431E-B448-DBC54CB17B4F}"
EndProject
Project("{FAE04EC0-301F-11D3-BF4B-00C04F79EFBC}") = "KillrVideo.Statistics.Messages", "KillrVideo.Statistics.Messages\KillrVideo.Statistics.Messages.csproj", "{194DC607-2A7C-4802-80E8-8D351DBF32CA}"
EndProject
Project("{FAE04EC0-301F-11D3-BF4B-00C04F79EFBC}") = "KillrVideo.Uploads", "KillrVideo.Uploads\KillrVideo.Uploads.csproj", "{249AC1EB-7035-4E88-A311-C683E049A0EA}"
EndProject
Project("{FAE04EC0-301F-11D3-BF4B-00C04F79EFBC}") = "KillrVideo.Uploads.Messages", "KillrVideo.Uploads.Messages\KillrVideo.Uploads.Messages.csproj", "{C51CF234-ECE1-4EDC-93E2-844E88999825}"
EndProject
Project("{2150E333-8FDC-42A3-9474-1A3956D46DE8}") = "Services", "Services", "{B70BBD28-B0F5-4642-B08A-3BA9C0D103AD}"
EndProject
Project("{2150E333-8FDC-42A3-9474-1A3956D46DE8}") = "Comments", "Comments", "{EBC2A0AB-0C33-4DE2-BB32-8231077DAB7B}"
EndProject
Project("{2150E333-8FDC-42A3-9474-1A3956D46DE8}") = "Ratings", "Ratings", "{2C04677E-DB63-4207-86F7-7BA0BE5EB318}"
EndProject
Project("{2150E333-8FDC-42A3-9474-1A3956D46DE8}") = "Search", "Search", "{26C327BF-AB75-487E-B755-9F34439772FD}"
EndProject
Project("{2150E333-8FDC-42A3-9474-1A3956D46DE8}") = "Statistics", "Statistics", "{C08190B9-7BEB-4D15-8E85-D8B25B8D18E9}"
EndProject
Project("{2150E333-8FDC-42A3-9474-1A3956D46DE8}") = "SuggestedVideos", "SuggestedVideos", "{658BC99A-0B0E-42F5-B063-280E298B29B2}"
EndProject
Project("{2150E333-8FDC-42A3-9474-1A3956D46DE8}") = "Uploads", "Uploads", "{866AA1A1-025C-4A3A-8D85-381EA3C0180F}"
EndProject
Project("{2150E333-8FDC-42A3-9474-1A3956D46DE8}") = "UserManagement", "UserManagement", "{F5981848-98EB-4490-8650-802E54249BBD}"
EndProject
Project("{2150E333-8FDC-42A3-9474-1A3956D46DE8}") = "VideoCatalog", "VideoCatalog", "{E34704FB-622C-4783-9779-74F09440E281}"
EndProject
Project("{FAE04EC0-301F-11D3-BF4B-00C04F79EFBC}") = "KillrVideo.Comments.Worker", "KillrVideo.Comments.Worker\KillrVideo.Comments.Worker.csproj", "{CBABB146-7A7A-4449-8238-376AAB8EF1A8}"
EndProject
Project("{FAE04EC0-301F-11D3-BF4B-00C04F79EFBC}") = "KillrVideo.Ratings.Worker", "KillrVideo.Ratings.Worker\KillrVideo.Ratings.Worker.csproj", "{77485DF3-70FE-423D-9A9E-42FDDC195B30}"
EndProject
Project("{FAE04EC0-301F-11D3-BF4B-00C04F79EFBC}") = "KillrVideo.Statistics.Worker", "KillrVideo.Statistics.Worker\KillrVideo.Statistics.Worker.csproj", "{1163C400-55B9-46C8-AADE-E5E7FEAAA550}"
EndProject
Project("{FAE04EC0-301F-11D3-BF4B-00C04F79EFBC}") = "KillrVideo.Uploads.Worker", "KillrVideo.Uploads.Worker\KillrVideo.Uploads.Worker.csproj", "{24D2AE50-8F3A-4601-B808-054E0FB9A7A4}"
EndProject
Project("{FAE04EC0-301F-11D3-BF4B-00C04F79EFBC}") = "KillrVideo.UserManagement.Worker", "KillrVideo.UserManagement.Worker\KillrVideo.UserManagement.Worker.csproj", "{21238B1A-4ACE-4B59-B2A7-2A59F08BFBFE}"
EndProject
Project("{FAE04EC0-301F-11D3-BF4B-00C04F79EFBC}") = "KillrVideo.VideoCatalog.Worker", "KillrVideo.VideoCatalog.Worker\KillrVideo.VideoCatalog.Worker.csproj", "{759E48DB-DA83-4D4B-9476-AC3020FAE853}"
EndProject
Global
	GlobalSection(SolutionConfigurationPlatforms) = preSolution
		Debug|Any CPU = Debug|Any CPU
		Release|Any CPU = Release|Any CPU
	EndGlobalSection
	GlobalSection(ProjectConfigurationPlatforms) = postSolution
		{9254D795-86D8-4C9A-9273-0836CFA171DE}.Debug|Any CPU.ActiveCfg = Debug|Any CPU
		{9254D795-86D8-4C9A-9273-0836CFA171DE}.Debug|Any CPU.Build.0 = Debug|Any CPU
		{9254D795-86D8-4C9A-9273-0836CFA171DE}.Release|Any CPU.ActiveCfg = Release|Any CPU
		{9254D795-86D8-4C9A-9273-0836CFA171DE}.Release|Any CPU.Build.0 = Release|Any CPU
		{1089C94B-D1C9-41B8-9CBB-F80C1E4212C4}.Debug|Any CPU.ActiveCfg = Debug|Any CPU
		{1089C94B-D1C9-41B8-9CBB-F80C1E4212C4}.Debug|Any CPU.Build.0 = Debug|Any CPU
		{1089C94B-D1C9-41B8-9CBB-F80C1E4212C4}.Release|Any CPU.ActiveCfg = Release|Any CPU
		{1089C94B-D1C9-41B8-9CBB-F80C1E4212C4}.Release|Any CPU.Build.0 = Release|Any CPU
		{EC94EB0B-D11C-460A-B64B-64C09596C8A3}.Debug|Any CPU.ActiveCfg = Debug|Any CPU
		{EC94EB0B-D11C-460A-B64B-64C09596C8A3}.Debug|Any CPU.Build.0 = Debug|Any CPU
		{EC94EB0B-D11C-460A-B64B-64C09596C8A3}.Release|Any CPU.ActiveCfg = Release|Any CPU
		{EC94EB0B-D11C-460A-B64B-64C09596C8A3}.Release|Any CPU.Build.0 = Release|Any CPU
		{CCCCD9DB-0C47-4F44-80A2-34326992F025}.Debug|Any CPU.ActiveCfg = Debug|Any CPU
		{CCCCD9DB-0C47-4F44-80A2-34326992F025}.Debug|Any CPU.Build.0 = Debug|Any CPU
		{CCCCD9DB-0C47-4F44-80A2-34326992F025}.Release|Any CPU.ActiveCfg = Release|Any CPU
		{CCCCD9DB-0C47-4F44-80A2-34326992F025}.Release|Any CPU.Build.0 = Release|Any CPU
		{89CE1D0D-12D7-42CE-A407-1C92C8FF4645}.Debug|Any CPU.ActiveCfg = Debug|Any CPU
		{89CE1D0D-12D7-42CE-A407-1C92C8FF4645}.Debug|Any CPU.Build.0 = Debug|Any CPU
		{89CE1D0D-12D7-42CE-A407-1C92C8FF4645}.Release|Any CPU.ActiveCfg = Release|Any CPU
		{89CE1D0D-12D7-42CE-A407-1C92C8FF4645}.Release|Any CPU.Build.0 = Release|Any CPU
		{A8DABF0A-03FE-4EA2-A1B3-FB5720A0B878}.Debug|Any CPU.ActiveCfg = Debug|Any CPU
		{A8DABF0A-03FE-4EA2-A1B3-FB5720A0B878}.Debug|Any CPU.Build.0 = Debug|Any CPU
		{A8DABF0A-03FE-4EA2-A1B3-FB5720A0B878}.Release|Any CPU.ActiveCfg = Release|Any CPU
		{A8DABF0A-03FE-4EA2-A1B3-FB5720A0B878}.Release|Any CPU.Build.0 = Release|Any CPU
		{9516B3F3-89B7-4343-9F88-FFEE6D74FFFC}.Debug|Any CPU.ActiveCfg = Debug|Any CPU
		{9516B3F3-89B7-4343-9F88-FFEE6D74FFFC}.Debug|Any CPU.Build.0 = Debug|Any CPU
		{9516B3F3-89B7-4343-9F88-FFEE6D74FFFC}.Release|Any CPU.ActiveCfg = Release|Any CPU
		{9516B3F3-89B7-4343-9F88-FFEE6D74FFFC}.Release|Any CPU.Build.0 = Release|Any CPU
		{C054A489-A037-49E5-8461-546CD61817EB}.Debug|Any CPU.ActiveCfg = Debug|Any CPU
		{C054A489-A037-49E5-8461-546CD61817EB}.Debug|Any CPU.Build.0 = Debug|Any CPU
		{C054A489-A037-49E5-8461-546CD61817EB}.Release|Any CPU.ActiveCfg = Release|Any CPU
		{C054A489-A037-49E5-8461-546CD61817EB}.Release|Any CPU.Build.0 = Release|Any CPU
		{2D0AEE43-129E-448B-96D1-9B68D0311584}.Debug|Any CPU.ActiveCfg = Debug|Any CPU
		{2D0AEE43-129E-448B-96D1-9B68D0311584}.Debug|Any CPU.Build.0 = Debug|Any CPU
		{2D0AEE43-129E-448B-96D1-9B68D0311584}.Release|Any CPU.ActiveCfg = Release|Any CPU
		{2D0AEE43-129E-448B-96D1-9B68D0311584}.Release|Any CPU.Build.0 = Release|Any CPU
		{5FCF1C36-ED2A-4BF0-B231-B12506210F6D}.Debug|Any CPU.ActiveCfg = Debug|Any CPU
		{5FCF1C36-ED2A-4BF0-B231-B12506210F6D}.Debug|Any CPU.Build.0 = Debug|Any CPU
		{5FCF1C36-ED2A-4BF0-B231-B12506210F6D}.Release|Any CPU.ActiveCfg = Release|Any CPU
		{5FCF1C36-ED2A-4BF0-B231-B12506210F6D}.Release|Any CPU.Build.0 = Release|Any CPU
		{5B9A5088-45FC-44CB-8DAE-678CDFA82405}.Debug|Any CPU.ActiveCfg = Debug|Any CPU
		{5B9A5088-45FC-44CB-8DAE-678CDFA82405}.Debug|Any CPU.Build.0 = Debug|Any CPU
		{5B9A5088-45FC-44CB-8DAE-678CDFA82405}.Release|Any CPU.ActiveCfg = Release|Any CPU
		{5B9A5088-45FC-44CB-8DAE-678CDFA82405}.Release|Any CPU.Build.0 = Release|Any CPU
		{37BB374E-2E30-4F9D-8F1D-6982116A07B0}.Debug|Any CPU.ActiveCfg = Debug|Any CPU
		{37BB374E-2E30-4F9D-8F1D-6982116A07B0}.Debug|Any CPU.Build.0 = Debug|Any CPU
		{37BB374E-2E30-4F9D-8F1D-6982116A07B0}.Release|Any CPU.ActiveCfg = Release|Any CPU
		{37BB374E-2E30-4F9D-8F1D-6982116A07B0}.Release|Any CPU.Build.0 = Release|Any CPU
		{92B7EB7E-890C-4F34-87FE-8F3B15C77241}.Debug|Any CPU.ActiveCfg = Debug|Any CPU
		{92B7EB7E-890C-4F34-87FE-8F3B15C77241}.Debug|Any CPU.Build.0 = Debug|Any CPU
		{92B7EB7E-890C-4F34-87FE-8F3B15C77241}.Release|Any CPU.ActiveCfg = Release|Any CPU
		{92B7EB7E-890C-4F34-87FE-8F3B15C77241}.Release|Any CPU.Build.0 = Release|Any CPU
		{3DA30C11-33C7-4EE8-AA9E-C18A9483EFCA}.Debug|Any CPU.ActiveCfg = Debug|Any CPU
		{3DA30C11-33C7-4EE8-AA9E-C18A9483EFCA}.Debug|Any CPU.Build.0 = Debug|Any CPU
		{3DA30C11-33C7-4EE8-AA9E-C18A9483EFCA}.Release|Any CPU.ActiveCfg = Release|Any CPU
		{3DA30C11-33C7-4EE8-AA9E-C18A9483EFCA}.Release|Any CPU.Build.0 = Release|Any CPU
		{33A7F88F-189D-435C-AADB-6D270E6BF3C5}.Debug|Any CPU.ActiveCfg = Debug|Any CPU
		{33A7F88F-189D-435C-AADB-6D270E6BF3C5}.Debug|Any CPU.Build.0 = Debug|Any CPU
		{33A7F88F-189D-435C-AADB-6D270E6BF3C5}.Release|Any CPU.ActiveCfg = Release|Any CPU
		{33A7F88F-189D-435C-AADB-6D270E6BF3C5}.Release|Any CPU.Build.0 = Release|Any CPU
		{D7E26BCF-316D-431E-B448-DBC54CB17B4F}.Debug|Any CPU.ActiveCfg = Debug|Any CPU
		{D7E26BCF-316D-431E-B448-DBC54CB17B4F}.Debug|Any CPU.Build.0 = Debug|Any CPU
		{D7E26BCF-316D-431E-B448-DBC54CB17B4F}.Release|Any CPU.ActiveCfg = Release|Any CPU
		{D7E26BCF-316D-431E-B448-DBC54CB17B4F}.Release|Any CPU.Build.0 = Release|Any CPU
		{194DC607-2A7C-4802-80E8-8D351DBF32CA}.Debug|Any CPU.ActiveCfg = Debug|Any CPU
		{194DC607-2A7C-4802-80E8-8D351DBF32CA}.Debug|Any CPU.Build.0 = Debug|Any CPU
		{194DC607-2A7C-4802-80E8-8D351DBF32CA}.Release|Any CPU.ActiveCfg = Release|Any CPU
		{194DC607-2A7C-4802-80E8-8D351DBF32CA}.Release|Any CPU.Build.0 = Release|Any CPU
		{249AC1EB-7035-4E88-A311-C683E049A0EA}.Debug|Any CPU.ActiveCfg = Debug|Any CPU
		{249AC1EB-7035-4E88-A311-C683E049A0EA}.Debug|Any CPU.Build.0 = Debug|Any CPU
		{249AC1EB-7035-4E88-A311-C683E049A0EA}.Release|Any CPU.ActiveCfg = Release|Any CPU
		{249AC1EB-7035-4E88-A311-C683E049A0EA}.Release|Any CPU.Build.0 = Release|Any CPU
		{C51CF234-ECE1-4EDC-93E2-844E88999825}.Debug|Any CPU.ActiveCfg = Debug|Any CPU
		{C51CF234-ECE1-4EDC-93E2-844E88999825}.Debug|Any CPU.Build.0 = Debug|Any CPU
		{C51CF234-ECE1-4EDC-93E2-844E88999825}.Release|Any CPU.ActiveCfg = Release|Any CPU
		{C51CF234-ECE1-4EDC-93E2-844E88999825}.Release|Any CPU.Build.0 = Release|Any CPU
		{CBABB146-7A7A-4449-8238-376AAB8EF1A8}.Debug|Any CPU.ActiveCfg = Debug|Any CPU
		{CBABB146-7A7A-4449-8238-376AAB8EF1A8}.Debug|Any CPU.Build.0 = Debug|Any CPU
		{CBABB146-7A7A-4449-8238-376AAB8EF1A8}.Release|Any CPU.ActiveCfg = Release|Any CPU
		{CBABB146-7A7A-4449-8238-376AAB8EF1A8}.Release|Any CPU.Build.0 = Release|Any CPU
		{77485DF3-70FE-423D-9A9E-42FDDC195B30}.Debug|Any CPU.ActiveCfg = Debug|Any CPU
		{77485DF3-70FE-423D-9A9E-42FDDC195B30}.Debug|Any CPU.Build.0 = Debug|Any CPU
		{77485DF3-70FE-423D-9A9E-42FDDC195B30}.Release|Any CPU.ActiveCfg = Release|Any CPU
		{77485DF3-70FE-423D-9A9E-42FDDC195B30}.Release|Any CPU.Build.0 = Release|Any CPU
		{1163C400-55B9-46C8-AADE-E5E7FEAAA550}.Debug|Any CPU.ActiveCfg = Debug|Any CPU
		{1163C400-55B9-46C8-AADE-E5E7FEAAA550}.Debug|Any CPU.Build.0 = Debug|Any CPU
		{1163C400-55B9-46C8-AADE-E5E7FEAAA550}.Release|Any CPU.ActiveCfg = Release|Any CPU
		{1163C400-55B9-46C8-AADE-E5E7FEAAA550}.Release|Any CPU.Build.0 = Release|Any CPU
		{24D2AE50-8F3A-4601-B808-054E0FB9A7A4}.Debug|Any CPU.ActiveCfg = Debug|Any CPU
		{24D2AE50-8F3A-4601-B808-054E0FB9A7A4}.Debug|Any CPU.Build.0 = Debug|Any CPU
		{24D2AE50-8F3A-4601-B808-054E0FB9A7A4}.Release|Any CPU.ActiveCfg = Release|Any CPU
		{24D2AE50-8F3A-4601-B808-054E0FB9A7A4}.Release|Any CPU.Build.0 = Release|Any CPU
		{21238B1A-4ACE-4B59-B2A7-2A59F08BFBFE}.Debug|Any CPU.ActiveCfg = Debug|Any CPU
		{21238B1A-4ACE-4B59-B2A7-2A59F08BFBFE}.Debug|Any CPU.Build.0 = Debug|Any CPU
		{21238B1A-4ACE-4B59-B2A7-2A59F08BFBFE}.Release|Any CPU.ActiveCfg = Release|Any CPU
		{21238B1A-4ACE-4B59-B2A7-2A59F08BFBFE}.Release|Any CPU.Build.0 = Release|Any CPU
		{759E48DB-DA83-4D4B-9476-AC3020FAE853}.Debug|Any CPU.ActiveCfg = Debug|Any CPU
		{759E48DB-DA83-4D4B-9476-AC3020FAE853}.Debug|Any CPU.Build.0 = Debug|Any CPU
		{759E48DB-DA83-4D4B-9476-AC3020FAE853}.Release|Any CPU.ActiveCfg = Release|Any CPU
		{759E48DB-DA83-4D4B-9476-AC3020FAE853}.Release|Any CPU.Build.0 = Release|Any CPU
	EndGlobalSection
	GlobalSection(SolutionProperties) = preSolution
		HideSolutionNode = FALSE
	EndGlobalSection
	GlobalSection(NestedProjects) = preSolution
		{1089C94B-D1C9-41B8-9CBB-F80C1E4212C4} = {CF4D0F5E-3A5C-4577-A2FC-4D6A9A896524}
		{EC94EB0B-D11C-460A-B64B-64C09596C8A3} = {7F522B93-73F2-4093-AED8-9E674CB0604D}
		{89CE1D0D-12D7-42CE-A407-1C92C8FF4645} = {E34704FB-622C-4783-9779-74F09440E281}
		{A8DABF0A-03FE-4EA2-A1B3-FB5720A0B878} = {E34704FB-622C-4783-9779-74F09440E281}
		{C054A489-A037-49E5-8461-546CD61817EB} = {2C04677E-DB63-4207-86F7-7BA0BE5EB318}
		{2D0AEE43-129E-448B-96D1-9B68D0311584} = {2C04677E-DB63-4207-86F7-7BA0BE5EB318}
		{5FCF1C36-ED2A-4BF0-B231-B12506210F6D} = {F5981848-98EB-4490-8650-802E54249BBD}
		{5B9A5088-45FC-44CB-8DAE-678CDFA82405} = {F5981848-98EB-4490-8650-802E54249BBD}
		{37BB374E-2E30-4F9D-8F1D-6982116A07B0} = {EBC2A0AB-0C33-4DE2-BB32-8231077DAB7B}
		{92B7EB7E-890C-4F34-87FE-8F3B15C77241} = {EBC2A0AB-0C33-4DE2-BB32-8231077DAB7B}
		{3DA30C11-33C7-4EE8-AA9E-C18A9483EFCA} = {26C327BF-AB75-487E-B755-9F34439772FD}
		{33A7F88F-189D-435C-AADB-6D270E6BF3C5} = {658BC99A-0B0E-42F5-B063-280E298B29B2}
		{D7E26BCF-316D-431E-B448-DBC54CB17B4F} = {C08190B9-7BEB-4D15-8E85-D8B25B8D18E9}
		{194DC607-2A7C-4802-80E8-8D351DBF32CA} = {C08190B9-7BEB-4D15-8E85-D8B25B8D18E9}
		{249AC1EB-7035-4E88-A311-C683E049A0EA} = {866AA1A1-025C-4A3A-8D85-381EA3C0180F}
		{C51CF234-ECE1-4EDC-93E2-844E88999825} = {866AA1A1-025C-4A3A-8D85-381EA3C0180F}
		{EBC2A0AB-0C33-4DE2-BB32-8231077DAB7B} = {B70BBD28-B0F5-4642-B08A-3BA9C0D103AD}
		{2C04677E-DB63-4207-86F7-7BA0BE5EB318} = {B70BBD28-B0F5-4642-B08A-3BA9C0D103AD}
		{26C327BF-AB75-487E-B755-9F34439772FD} = {B70BBD28-B0F5-4642-B08A-3BA9C0D103AD}
		{C08190B9-7BEB-4D15-8E85-D8B25B8D18E9} = {B70BBD28-B0F5-4642-B08A-3BA9C0D103AD}
		{658BC99A-0B0E-42F5-B063-280E298B29B2} = {B70BBD28-B0F5-4642-B08A-3BA9C0D103AD}
		{866AA1A1-025C-4A3A-8D85-381EA3C0180F} = {B70BBD28-B0F5-4642-B08A-3BA9C0D103AD}
		{F5981848-98EB-4490-8650-802E54249BBD} = {B70BBD28-B0F5-4642-B08A-3BA9C0D103AD}
		{E34704FB-622C-4783-9779-74F09440E281} = {B70BBD28-B0F5-4642-B08A-3BA9C0D103AD}
		{CBABB146-7A7A-4449-8238-376AAB8EF1A8} = {EBC2A0AB-0C33-4DE2-BB32-8231077DAB7B}
		{77485DF3-70FE-423D-9A9E-42FDDC195B30} = {2C04677E-DB63-4207-86F7-7BA0BE5EB318}
		{1163C400-55B9-46C8-AADE-E5E7FEAAA550} = {C08190B9-7BEB-4D15-8E85-D8B25B8D18E9}
		{24D2AE50-8F3A-4601-B808-054E0FB9A7A4} = {866AA1A1-025C-4A3A-8D85-381EA3C0180F}
		{21238B1A-4ACE-4B59-B2A7-2A59F08BFBFE} = {F5981848-98EB-4490-8650-802E54249BBD}
		{759E48DB-DA83-4D4B-9476-AC3020FAE853} = {E34704FB-622C-4783-9779-74F09440E281}
	EndGlobalSection
	GlobalSection(ExtensibilityGlobals) = postSolution
		EnterpriseLibraryConfigurationToolBinariesPath = packages\TransientFaultHandling.Core.5.1.1209.1\lib\NET4
	EndGlobalSection
EndGlobal
